
Microsoft Visual Studio Solution File, Format Version 12.00
# Visual Studio Version 16
VisualStudioVersion = 16.0.31727.386
MinimumVisualStudioVersion = 10.0.40219.1
Project("{FAE04EC0-301F-11D3-BF4B-00C04F79EFBC}") = "Rover", "Rover\Rover.csproj", "{7D3DA186-414A-4874-B23C-EBB677C14CDC}"
EndProject
Global
	GlobalSection(SolutionConfigurationPlatforms) = preSolution
		Debug|Any CPU = Debug|Any CPU
		Release|Any CPU = Release|Any CPU
	EndGlobalSection
	GlobalSection(ProjectConfigurationPlatforms) = postSolution
		{7D3DA186-414A-4874-B23C-EBB677C14CDC}.Debug|Any CPU.ActiveCfg = Debug|Any CPU
		{7D3DA186-414A-4874-B23C-EBB677C14CDC}.Debug|Any CPU.Build.0 = Debug|Any CPU
		{7D3DA186-414A-4874-B23C-EBB677C14CDC}.Release|Any CPU.ActiveCfg = Release|Any CPU
		{7D3DA186-414A-4874-B23C-EBB677C14CDC}.Release|Any CPU.Build.0 = Release|Any CPU
	EndGlobalSection
	GlobalSection(SolutionProperties) = preSolution
		HideSolutionNode = FALSE
	EndGlobalSection
	GlobalSection(ExtensibilityGlobals) = postSolution
		SolutionGuid = {959A808E-6B93-4FCF-BA8C-E1280305C3FB}
	EndGlobalSection
EndGlobal
